
Microsoft Visual Studio Solution File, Format Version 12.00
Project("{FAE04EC0-301F-11D3-BF4B-00C04F79EFBC}") = "Persons.Api", "Persons.Api\Persons.Api.csproj", "{7CE7A1D4-179B-4968-B2CE-03DC18CBAEF8}"
EndProject
Project("{FAE04EC0-301F-11D3-BF4B-00C04F79EFBC}") = "Persons.Data.MongoDb", "Persons.Data.MongoDb\Persons.Data.MongoDb.csproj", "{108ED324-1E67-4C9E-870F-CE8A201A9344}"
EndProject
Project("{FAE04EC0-301F-11D3-BF4B-00C04F79EFBC}") = "Persons.Models", "Persons.Models\Persons.Models.csproj", "{264EBA2A-73F7-42AE-967E-95AA2AF4EB86}"
EndProject
Project("{FAE04EC0-301F-11D3-BF4B-00C04F79EFBC}") = "Persons.Services", "Persons.Services\Persons.Services.csproj", "{1DF77A07-136B-4AD6-9F2C-1FDC61B187C0}"
EndProject
Global
	GlobalSection(SolutionConfigurationPlatforms) = preSolution
		Debug|Any CPU = Debug|Any CPU
		Release|Any CPU = Release|Any CPU
	EndGlobalSection
	GlobalSection(ProjectConfigurationPlatforms) = postSolution
		{7CE7A1D4-179B-4968-B2CE-03DC18CBAEF8}.Debug|Any CPU.ActiveCfg = Debug|Any CPU
		{7CE7A1D4-179B-4968-B2CE-03DC18CBAEF8}.Debug|Any CPU.Build.0 = Debug|Any CPU
		{7CE7A1D4-179B-4968-B2CE-03DC18CBAEF8}.Release|Any CPU.ActiveCfg = Release|Any CPU
		{7CE7A1D4-179B-4968-B2CE-03DC18CBAEF8}.Release|Any CPU.Build.0 = Release|Any CPU
		{108ED324-1E67-4C9E-870F-CE8A201A9344}.Debug|Any CPU.ActiveCfg = Debug|Any CPU
		{108ED324-1E67-4C9E-870F-CE8A201A9344}.Debug|Any CPU.Build.0 = Debug|Any CPU
		{108ED324-1E67-4C9E-870F-CE8A201A9344}.Release|Any CPU.ActiveCfg = Release|Any CPU
		{108ED324-1E67-4C9E-870F-CE8A201A9344}.Release|Any CPU.Build.0 = Release|Any CPU
		{264EBA2A-73F7-42AE-967E-95AA2AF4EB86}.Debug|Any CPU.ActiveCfg = Debug|Any CPU
		{264EBA2A-73F7-42AE-967E-95AA2AF4EB86}.Debug|Any CPU.Build.0 = Debug|Any CPU
		{264EBA2A-73F7-42AE-967E-95AA2AF4EB86}.Release|Any CPU.ActiveCfg = Release|Any CPU
		{264EBA2A-73F7-42AE-967E-95AA2AF4EB86}.Release|Any CPU.Build.0 = Release|Any CPU
		{1DF77A07-136B-4AD6-9F2C-1FDC61B187C0}.Debug|Any CPU.ActiveCfg = Debug|Any CPU
		{1DF77A07-136B-4AD6-9F2C-1FDC61B187C0}.Debug|Any CPU.Build.0 = Debug|Any CPU
		{1DF77A07-136B-4AD6-9F2C-1FDC61B187C0}.Release|Any CPU.ActiveCfg = Release|Any CPU
		{1DF77A07-136B-4AD6-9F2C-1FDC61B187C0}.Release|Any CPU.Build.0 = Release|Any CPU
	EndGlobalSection
EndGlobal
